{
  "version": "4",
  "remote": {
    "https://deno.land/std@0.196.0/_util/os.ts": "d932f56d41e4f6a6093d56044e29ce637f8dcc43c5a90af43504a889cf1775e3",
    "https://deno.land/std@0.196.0/assert/assert.ts": "9a97dad6d98c238938e7540736b826440ad8c1c1e54430ca4c4e623e585607ee",
    "https://deno.land/std@0.196.0/assert/assertion_error.ts": "4d0bde9b374dfbcbe8ac23f54f567b77024fb67dbb1906a852d67fe050d42f56",
    "https://deno.land/std@0.196.0/encoding/base64.ts": "144ae6234c1fbe5b68666c711dc15b1e9ee2aef6d42b3b4345bf9a6c91d70d0d",
    "https://deno.land/std@0.196.0/fmt/colors.ts": "a7eecffdf3d1d54db890723b303847b6e0a1ab4b528ba6958b8f2e754cf1b3bc",
    "https://deno.land/std@0.196.0/path/_constants.ts": "e49961f6f4f48039c0dfed3c3f93e963ca3d92791c9d478ac5b43183413136e0",
    "https://deno.land/std@0.196.0/path/_interface.ts": "6471159dfbbc357e03882c2266d21ef9afdb1e4aa771b0545e90db58a0ba314b",
    "https://deno.land/std@0.196.0/path/_util.ts": "d7abb1e0dea065f427b89156e28cdeb32b045870acdf865833ba808a73b576d0",
    "https://deno.land/std@0.196.0/path/common.ts": "ee7505ab01fd22de3963b64e46cff31f40de34f9f8de1fff6a1bd2fe79380000",
    "https://deno.land/std@0.196.0/path/glob.ts": "d479e0a695621c94d3fd7fe7abd4f9499caf32a8de13f25073451c6ef420a4e1",
    "https://deno.land/std@0.196.0/path/mod.ts": "f065032a7189404fdac3ad1a1551a9ac84751d2f25c431e101787846c86c79ef",
    "https://deno.land/std@0.196.0/path/posix.ts": "8b7c67ac338714b30c816079303d0285dd24af6b284f7ad63da5b27372a2c94d",
    "https://deno.land/std@0.196.0/path/separator.ts": "0fb679739d0d1d7bf45b68dacfb4ec7563597a902edbaf3c59b50d5bcadd93b1",
    "https://deno.land/std@0.196.0/path/win32.ts": "4fca292f8d116fd6d62f243b8a61bd3d6835a9f0ede762ba5c01afe7c3c0aa12",
    "https://deno.land/std@0.208.0/assert/_constants.ts": "8a9da298c26750b28b326b297316cdde860bc237533b07e1337c021379e6b2a9",
    "https://deno.land/std@0.208.0/assert/_diff.ts": "58e1461cc61d8eb1eacbf2a010932bf6a05b79344b02ca38095f9b805795dc48",
    "https://deno.land/std@0.208.0/assert/_format.ts": "a69126e8a469009adf4cf2a50af889aca364c349797e63174884a52ff75cf4c7",
    "https://deno.land/std@0.208.0/assert/assert.ts": "9a97dad6d98c238938e7540736b826440ad8c1c1e54430ca4c4e623e585607ee",
    "https://deno.land/std@0.208.0/assert/assert_almost_equals.ts": "e15ca1f34d0d5e0afae63b3f5d975cbd18335a132e42b0c747d282f62ad2cd6c",
    "https://deno.land/std@0.208.0/assert/assert_array_includes.ts": "6856d7f2c3544bc6e62fb4646dfefa3d1df5ff14744d1bca19f0cbaf3b0d66c9",
    "https://deno.land/std@0.208.0/assert/assert_equals.ts": "d8ec8a22447fbaf2fc9d7c3ed2e66790fdb74beae3e482855d75782218d68227",
    "https://deno.land/std@0.208.0/assert/assert_exists.ts": "407cb6b9fb23a835cd8d5ad804e2e2edbbbf3870e322d53f79e1c7a512e2efd7",
    "https://deno.land/std@0.208.0/assert/assert_false.ts": "0ccbcaae910f52c857192ff16ea08bda40fdc79de80846c206bfc061e8c851c6",
    "https://deno.land/std@0.208.0/assert/assert_greater.ts": "ae2158a2d19313bf675bf7251d31c6dc52973edb12ac64ac8fc7064152af3e63",
    "https://deno.land/std@0.208.0/assert/assert_greater_or_equal.ts": "1439da5ebbe20855446cac50097ac78b9742abe8e9a43e7de1ce1426d556e89c",
    "https://deno.land/std@0.208.0/assert/assert_instance_of.ts": "3aedb3d8186e120812d2b3a5dea66a6e42bf8c57a8bd927645770bd21eea554c",
    "https://deno.land/std@0.208.0/assert/assert_is_error.ts": "c21113094a51a296ffaf036767d616a78a2ae5f9f7bbd464cd0197476498b94b",
    "https://deno.land/std@0.208.0/assert/assert_less.ts": "aec695db57db42ec3e2b62e97e1e93db0063f5a6ec133326cc290ff4b71b47e4",
    "https://deno.land/std@0.208.0/assert/assert_less_or_equal.ts": "5fa8b6a3ffa20fd0a05032fe7257bf985d207b85685fdbcd23651b70f928c848",
    "https://deno.land/std@0.208.0/assert/assert_match.ts": "c4083f80600bc190309903c95e397a7c9257ff8b5ae5c7ef91e834704e672e9b",
    "https://deno.land/std@0.208.0/assert/assert_not_equals.ts": "9f1acab95bd1f5fc9a1b17b8027d894509a745d91bac1718fdab51dc76831754",
    "https://deno.land/std@0.208.0/assert/assert_not_instance_of.ts": "0c14d3dfd9ab7a5276ed8ed0b18c703d79a3d106102077ec437bfe7ed912bd22",
    "https://deno.land/std@0.208.0/assert/assert_not_match.ts": "3796a5b0c57a1ce6c1c57883dd4286be13a26f715ea662318ab43a8491a13ab0",
    "https://deno.land/std@0.208.0/assert/assert_not_strict_equals.ts": "4cdef83df17488df555c8aac1f7f5ec2b84ad161b6d0645ccdbcc17654e80c99",
    "https://deno.land/std@0.208.0/assert/assert_object_match.ts": "d8fc2867cfd92eeacf9cea621e10336b666de1874a6767b5ec48988838370b54",
    "https://deno.land/std@0.208.0/assert/assert_rejects.ts": "45c59724de2701e3b1f67c391d6c71c392363635aad3f68a1b3408f9efca0057",
    "https://deno.land/std@0.208.0/assert/assert_strict_equals.ts": "b1f538a7ea5f8348aeca261d4f9ca603127c665e0f2bbfeb91fa272787c87265",
    "https://deno.land/std@0.208.0/assert/assert_string_includes.ts": "b821d39ebf5cb0200a348863c86d8c4c4b398e02012ce74ad15666fc4b631b0c",
    "https://deno.land/std@0.208.0/assert/assert_throws.ts": "63784e951475cb7bdfd59878cd25a0931e18f6dc32a6077c454b2cd94f4f4bcd",
    "https://deno.land/std@0.208.0/assert/assertion_error.ts": "4d0bde9b374dfbcbe8ac23f54f567b77024fb67dbb1906a852d67fe050d42f56",
    "https://deno.land/std@0.208.0/assert/equal.ts": "9f1a46d5993966d2596c44e5858eec821859b45f783a5ee2f7a695dfc12d8ece",
    "https://deno.land/std@0.208.0/assert/fail.ts": "c36353d7ae6e1f7933d45f8ea51e358c8c4b67d7e7502028598fe1fea062e278",
    "https://deno.land/std@0.208.0/assert/mod.ts": "37c49a26aae2b254bbe25723434dc28cd7532e444cf0b481a97c045d110ec085",
    "https://deno.land/std@0.208.0/assert/unimplemented.ts": "d56fbeecb1f108331a380f72e3e010a1f161baa6956fd0f7cf3e095ae1a4c75a",
    "https://deno.land/std@0.208.0/assert/unreachable.ts": "4600dc0baf7d9c15a7f7d234f00c23bca8f3eba8b140286aaca7aa998cf9a536",
    "https://deno.land/std@0.208.0/fmt/colors.ts": "34b3f77432925eb72cf0bfb351616949746768620b8e5ead66da532f93d10ba2",
    "https://deno.land/x/cliffy@v1.0.0-rc.3/_utils/distance.ts": "02af166952c7c358ac83beae397aa2fbca4ad630aecfcd38d92edb1ea429f004",
    "https://deno.land/x/cliffy@v1.0.0-rc.3/ansi/ansi_escapes.ts": "193b3c3a4e520274bd8322ca4cab1c3ce38070bed1898cb2ade12a585dddd7c9",
    "https://deno.land/x/cliffy@v1.0.0-rc.3/ansi/cursor_position.ts": "caa008d29f7a904908bda514f9839bfbb7a93f2d5f5580501675b646d26a87ff",
    "https://deno.land/x/cliffy@v1.0.0-rc.3/ansi/deps.ts": "f48ae5d066684793f4a203524db2a9fd61f514527934b458006f3e57363c0215",
    "https://deno.land/x/cliffy@v1.0.0-rc.3/ansi/tty.ts": "155aacdcb7dc00f3f95352616a2415c622ffb88db51c5934e5d2e8341eab010b",
    "https://deno.land/x/cliffy@v1.0.0-rc.3/keycode/_key_codes.ts": "917f0a2da0dbace08cf29bcfdaaa2257da9fe7e705fff8867d86ed69dfb08cfe",
    "https://deno.land/x/cliffy@v1.0.0-rc.3/keycode/key_code.ts": "730fa675ca12fc2a99ba718aa8dbebb1f2c89afd47484e30ef3cb705ddfca367",
    "https://deno.land/x/cliffy@v1.0.0-rc.3/prompt/_figures.ts": "e22413ddd51bb271b6b861a058742e83aaa3f62c14e8162cb73ae6f047062f51",
    "https://deno.land/x/cliffy@v1.0.0-rc.3/prompt/_generic_input.ts": "870dad97077582439cee26cb19aec123b4850376331338abdc64a91224733cdc",
    "https://deno.land/x/cliffy@v1.0.0-rc.3/prompt/_generic_list.ts": "8b0bea4521b1e2f62c564e0d3764a63264043694f4228bb0bc0b63ce129ef33b",
    "https://deno.land/x/cliffy@v1.0.0-rc.3/prompt/_generic_prompt.ts": "4c9d9cdeda749620a3f5332524df13d083e2d59b1ed90a003f43cd0991a75a10",
    "https://deno.land/x/cliffy@v1.0.0-rc.3/prompt/_generic_suggestions.ts": "5e6ee1190b4dd5af261ae2ff0196dec7f1988ea9c41c6288cfaece293703002c",
    "https://deno.land/x/cliffy@v1.0.0-rc.3/prompt/_utils.ts": "498ae639d7666599d612b615ee85de9103b3c3a913d5196f6b265072674258c7",
    "https://deno.land/x/cliffy@v1.0.0-rc.3/prompt/checkbox.ts": "9cfd71f1e278d0ef76054be103d956b66995593902c149380d01b1a1647025f3",
    "https://deno.land/x/cliffy@v1.0.0-rc.3/prompt/confirm.ts": "ff892331f6de281079421fe2f57f1d56acb38f28bc48678f87a3fc11ef4a5f7c",
    "https://deno.land/x/cliffy@v1.0.0-rc.3/prompt/deps.ts": "2560142f070bb2668e2e8a74683c799461648b9aad01bbf36b3cad3851d712e6",
    "https://deno.land/x/cliffy@v1.0.0-rc.3/prompt/input.ts": "81821244f895cc4db32c2511c17e21fb48fd7606e300605aeb2a231ab1680544",
    "https://deno.land/x/cliffy@v1.0.0-rc.3/prompt/list.ts": "e5d3e1a6d931b9736d03eec2425fb7b4d2b8d1461a84e210b4787edda414dca4",
    "https://deno.land/x/cliffy@v1.0.0-rc.3/prompt/mod.ts": "f8789193742daf3aba93b543a2ea099383284d60fcccc03567102e28c0d61927",
    "https://deno.land/x/cliffy@v1.0.0-rc.3/prompt/number.ts": "5421bf1b6411a6f02c44da4e867f19e02315450769e0feacab3c1c88cc1b06d6",
    "https://deno.land/x/cliffy@v1.0.0-rc.3/prompt/prompt.ts": "f10e1c8a0c2ca093a485f7f1156342210b27a8cffc96fe0b4cff60007cabab30",
    "https://deno.land/x/cliffy@v1.0.0-rc.3/prompt/secret.ts": "cece271c7ce01e12b249c31c2f9cea9e53b6e6be7621a478dac902bd8f288b61",
    "https://deno.land/x/cliffy@v1.0.0-rc.3/prompt/select.ts": "c10902aeaca02a55d9b846934958dd166ee39c741faebdaa9800689e402186cf",
    "https://deno.land/x/cliffy@v1.0.0-rc.3/prompt/toggle.ts": "028f80de31750e7b5479727a64b4878f090ecd783fe3bb0d286e2e1c29f0eee3"
  },
  "workspace": {
    "packageJson": {
      "dependencies": [
        "npm:@inquirer/prompts@^7.2.1",
        "npm:inquirer-autocomplete-prompt@^3.0.1"
      ]
    }
  }
}
